version = 1
requires-python = ">=3.10"

[[package]]
name = "bird-feeder"
version = "0.1.1.dev2+g59d56f9.d20241212"
source = { editable = "../bird-feeder" }

[[package]]
name = "seeds"
version = "0.1.0"
source = { editable = "." }
dependencies = [
    { name = "bird-feeder" },
]

[package.metadata]
requires-dist = [{ name = "bird-feeder", editable = "../bird-feeder" }]
